<Solution>
  <Folder Name="/Solution Items/">
    <File Path=".editorconfig" />
  </Folder>
  <Project Path="frontend/frontend.esproj">
    <Build />
    <Deploy />
  </Project>
  <Project Path="frontend-reviewer/frontend-reviewer.esproj">
    <Build />
    <Deploy />
  </Project>
  <Project Path="ServiceBusConsumer/ServiceBusConsumer.csproj" />
  <Project Path="StudyProcessor/StudyProcessor.csproj" />
  <Project Path="MessagePublisher/MessagePublisher.csproj" />
  <Project Path="StudyDesigner.AppHost/StudyDesigner.AppHost.csproj" />
  <Project Path="StudyDesigner.API/StudyDesigner.API.csproj" />
</Solution>
