<Solution>
  <Folder Name="/Solution Items/">
    <File Path=".editorconfig" />
  </Folder>
  <Project Path="Designer/Designer.esproj">
    <Build />
    <Deploy />
  </Project>
  <Project Path="Admin/Admin.esproj">
    <Build />
    <Deploy />
  </Project>
  <Project Path="ServiceBusPublisher/ServiceBusPublisher.csproj" />
  <Project Path="AppHost/AppHost.csproj" />
  <Project Path="Api/Api.csproj" />
  <Project Path="CluedinProcessor/CluedinProcessor.csproj" />
  <Project Path="ProjectsProcessor/ProjectsProcessor.csproj" />
</Solution>
